
Microsoft Visual Studio Solution File, Format Version 12.00
# Visual Studio Version 17
VisualStudioVersion = 17.2.32616.157
MinimumVisualStudioVersion = 10.0.40219.1
Project("{FAE04EC0-301F-11D3-BF4B-00C04F79EFBC}") = "Pract_4", "Pract_4\Pract_4.csproj", "{09CDF905-EED8-4A5D-9840-52A73345291E}"
EndProject
Global
	GlobalSection(SolutionConfigurationPlatforms) = preSolution
		Debug|Any CPU = Debug|Any CPU
		Release|Any CPU = Release|Any CPU
	EndGlobalSection
	GlobalSection(ProjectConfigurationPlatforms) = postSolution
		{09CDF905-EED8-4A5D-9840-52A73345291E}.Debug|Any CPU.ActiveCfg = Debug|Any CPU
		{09CDF905-EED8-4A5D-9840-52A73345291E}.Debug|Any CPU.Build.0 = Debug|Any CPU
		{09CDF905-EED8-4A5D-9840-52A73345291E}.Release|Any CPU.ActiveCfg = Release|Any CPU
		{09CDF905-EED8-4A5D-9840-52A73345291E}.Release|Any CPU.Build.0 = Release|Any CPU
	EndGlobalSection
	GlobalSection(SolutionProperties) = preSolution
		HideSolutionNode = FALSE
	EndGlobalSection
	GlobalSection(ExtensibilityGlobals) = postSolution
		SolutionGuid = {96A501AE-0645-4BD7-ADD9-BB1A84719941}
	EndGlobalSection
EndGlobal
